Microsoft Visual Studio Solution File, Format Version 11.00
# Visual Studio 2008

Project("{9177EEC8-E693-E65A-280D-E09B4D1ADEB4}") = "HackDayGame", "Assembly-CSharp.csproj", "{78E2B4D6-16D6-AC19-60A6-8D2FDA8CF896}"
EndProject
Global
	GlobalSection(SolutionConfigurationPlatforms) = preSolution
		Debug|Any CPU = Debug|Any CPU
		Release|Any CPU = Release|Any CPU
	EndGlobalSection
	GlobalSection(ProjectConfigurationPlatforms) = postSolution
		{78E2B4D6-16D6-AC19-60A6-8D2FDA8CF896}.Debug|Any CPU.ActiveCfg = Debug|Any CPU
		{78E2B4D6-16D6-AC19-60A6-8D2FDA8CF896}.Debug|Any CPU.Build.0 = Debug|Any CPU
		{78E2B4D6-16D6-AC19-60A6-8D2FDA8CF896}.Release|Any CPU.ActiveCfg = Release|Any CPU
		{78E2B4D6-16D6-AC19-60A6-8D2FDA8CF896}.Release|Any CPU.Build.0 = Release|Any CPU
	EndGlobalSection
	GlobalSection(SolutionProperties) = preSolution
		HideSolutionNode = FALSE
	EndGlobalSection
	GlobalSection(MonoDevelopProperties) = preSolution
		StartupItem = Assembly-CSharp.csproj
	EndGlobalSection
EndGlobal
